
Microsoft Visual Studio Solution File, Format Version 12.00
# Visual Studio Version 17
VisualStudioVersion = 17.3.32929.385
MinimumVisualStudioVersion = 10.0.40219.1
Project("{FAE04EC0-301F-11D3-BF4B-00C04F79EFBC}") = "StoreBookWeb", "StoreBookWeb\StoreBookWeb.csproj", "{DB783A2A-1C22-4AA6-BF29-351E7B4CB996}"
EndProject
Global
	GlobalSection(SolutionConfigurationPlatforms) = preSolution
		Debug|Any CPU = Debug|Any CPU
		Release|Any CPU = Release|Any CPU
	EndGlobalSection
	GlobalSection(ProjectConfigurationPlatforms) = postSolution
		{DB783A2A-1C22-4AA6-BF29-351E7B4CB996}.Debug|Any CPU.ActiveCfg = Debug|Any CPU
		{DB783A2A-1C22-4AA6-BF29-351E7B4CB996}.Debug|Any CPU.Build.0 = Debug|Any CPU
		{DB783A2A-1C22-4AA6-BF29-351E7B4CB996}.Release|Any CPU.ActiveCfg = Release|Any CPU
		{DB783A2A-1C22-4AA6-BF29-351E7B4CB996}.Release|Any CPU.Build.0 = Release|Any CPU
	EndGlobalSection
	GlobalSection(SolutionProperties) = preSolution
		HideSolutionNode = FALSE
	EndGlobalSection
	GlobalSection(ExtensibilityGlobals) = postSolution
		SolutionGuid = {3D384CBF-9DAB-404A-BA68-B5D4C816951C}
	EndGlobalSection
EndGlobal
